
Microsoft Visual Studio Solution File, Format Version 12.00
# Visual Studio Version 17
VisualStudioVersion = 17.5.33516.290
MinimumVisualStudioVersion = 10.0.40219.1
Project("{FAE04EC0-301F-11D3-BF4B-00C04F79EFBC}") = "Snake", "Snake\Snake.csproj", "{A2DA8015-A34E-42DC-B929-0114ECDEF38F}"
EndProject
Global
	GlobalSection(SolutionConfigurationPlatforms) = preSolution
		Debug|Any CPU = Debug|Any CPU
		Release|Any CPU = Release|Any CPU
	EndGlobalSection
	GlobalSection(ProjectConfigurationPlatforms) = postSolution
		{A2DA8015-A34E-42DC-B929-0114ECDEF38F}.Debug|Any CPU.ActiveCfg = Debug|Any CPU
		{A2DA8015-A34E-42DC-B929-0114ECDEF38F}.Debug|Any CPU.Build.0 = Debug|Any CPU
		{A2DA8015-A34E-42DC-B929-0114ECDEF38F}.Release|Any CPU.ActiveCfg = Release|Any CPU
		{A2DA8015-A34E-42DC-B929-0114ECDEF38F}.Release|Any CPU.Build.0 = Release|Any CPU
	EndGlobalSection
	GlobalSection(SolutionProperties) = preSolution
		HideSolutionNode = FALSE
	EndGlobalSection
	GlobalSection(ExtensibilityGlobals) = postSolution
		SolutionGuid = {6AEFB294-1E18-4A4C-939B-1DA1858ABAA3}
	EndGlobalSection
EndGlobal
